
Microsoft Visual Studio Solution File, Format Version 12.00
# Visual Studio Version 17
VisualStudioVersion = 17.4.33213.308
MinimumVisualStudioVersion = 10.0.40219.1
Project("{FAE04EC0-301F-11D3-BF4B-00C04F79EFBC}") = "Proyecto Segundo Semestre", "Proyecto Segundo Semestre.csproj", "{BBB3E81C-5F10-4BCE-BECD-DC17FFB4E72A}"
EndProject
Global
	GlobalSection(SolutionConfigurationPlatforms) = preSolution
		Debug|Any CPU = Debug|Any CPU
		Release|Any CPU = Release|Any CPU
	EndGlobalSection
	GlobalSection(ProjectConfigurationPlatforms) = postSolution
		{BBB3E81C-5F10-4BCE-BECD-DC17FFB4E72A}.Debug|Any CPU.ActiveCfg = Debug|Any CPU
		{BBB3E81C-5F10-4BCE-BECD-DC17FFB4E72A}.Debug|Any CPU.Build.0 = Debug|Any CPU
		{BBB3E81C-5F10-4BCE-BECD-DC17FFB4E72A}.Release|Any CPU.ActiveCfg = Release|Any CPU
		{BBB3E81C-5F10-4BCE-BECD-DC17FFB4E72A}.Release|Any CPU.Build.0 = Release|Any CPU
	EndGlobalSection
	GlobalSection(SolutionProperties) = preSolution
		HideSolutionNode = FALSE
	EndGlobalSection
	GlobalSection(ExtensibilityGlobals) = postSolution
		SolutionGuid = {63B9F50E-C989-473F-9FB2-1D44BD652150}
	EndGlobalSection
EndGlobal
